
Microsoft Visual Studio Solution File, Format Version 12.00
# Visual Studio 14
VisualStudioVersion = 14.0.25420.1
MinimumVisualStudioVersion = 10.0.40219.1
Project("{FAE04EC0-301F-11D3-BF4B-00C04F79EFBC}") = "Zelda", "ZeldaOracle\Game\Zelda.csproj", "{899DAEC0-CF01-4B30-A6E4-A0DB613978BD}"
EndProject
Project("{FAE04EC0-301F-11D3-BF4B-00C04F79EFBC}") = "ZeldaContent", "ZeldaOracle\GameContent\ZeldaContent.contentproj", "{67B9D68E-33D3-4346-8B69-E9D32EB96EB8}"
EndProject
Project("{FAE04EC0-301F-11D3-BF4B-00C04F79EFBC}") = "ZeldaAPI", "ZeldaOracle\GameAPI\ZeldaAPI.csproj", "{B8B46D20-161D-47D3-810A-69D5CA61C080}"
EndProject
Project("{FAE04EC0-301F-11D3-BF4B-00C04F79EFBC}") = "ZeldaCommon", "ZeldaOracle\GameCommon\ZeldaCommon.csproj", "{0F262418-7E4B-4005-B35E-18A180AC1239}"
EndProject
Project("{FAE04EC0-301F-11D3-BF4B-00C04F79EFBC}") = "ZeldaEditor", "ZeldaOracle\GameEditor\ZeldaEditor.csproj", "{AB05C473-9789-441A-B32F-E86154B91C09}"
EndProject
Project("{FAE04EC0-301F-11D3-BF4B-00C04F79EFBC}") = "ConscriptDesigner", "ZeldaOracle\ConscriptDesigner\ConscriptDesigner.csproj", "{580EAB4F-7875-4695-8164-B784E97A88FD}"
EndProject
Project("{FAE04EC0-301F-11D3-BF4B-00C04F79EFBC}") = "ZeldaOptimization", "ZeldaOracle\GameOptimization\ZeldaOptimization.csproj", "{FD1E47E1-EC0A-4F93-9D85-D151285BD134}"
EndProject
Project("{FAE04EC0-301F-11D3-BF4B-00C04F79EFBC}") = "ZeldaWpf", "ZeldaOracle\GameWpf\ZeldaWpf.csproj", "{F77B3AD6-B926-4A1D-8BAD-C4D4AA3D6A3F}"
EndProject
Project("{FAE04EC0-301F-11D3-BF4B-00C04F79EFBC}") = "ZeldaOracleBuilder", "ZeldaOracle\GameBuilder\ZeldaOracleBuilder.csproj", "{72C1DDDB-5DCD-4B4B-8F40-D83C18196C42}"
EndProject
Project("{2150E333-8FDC-42A3-9474-1A3956D46DE8}") = "ZeldaLibraries", "ZeldaLibraries", "{9BB9F7E6-CD58-4110-A9CC-7038C739F1B5}"
EndProject
Project("{2150E333-8FDC-42A3-9474-1A3956D46DE8}") = "Utilities", "Utilities", "{D63F0159-9127-42BE-8255-9F9B127F3A7F}"
EndProject
Project("{2150E333-8FDC-42A3-9474-1A3956D46DE8}") = "EditorLibraries", "EditorLibraries", "{716D90A1-1162-4EF9-8BFE-B7CD39C233F7}"
EndProject
Project("{FAE04EC0-301F-11D3-BF4B-00C04F79EFBC}") = "Xceed.Wpf.AvalonDock", "EditorLibraries\Xceed.Wpf.AvalonDock\Xceed.Wpf.AvalonDock.csproj", "{DB81988F-E0F2-45A0-A1FD-8C37F3D35244}"
EndProject
Project("{FAE04EC0-301F-11D3-BF4B-00C04F79EFBC}") = "Xceed.Wpf.Toolkit", "EditorLibraries\Xceed.Wpf.Toolkit\Xceed.Wpf.Toolkit.csproj", "{72E591D6-8F83-4D8C-8F67-9C325E623234}"
EndProject
Project("{FAE04EC0-301F-11D3-BF4B-00C04F79EFBC}") = "Xceed.Wpf.AvalonDock.Themes.VS2010", "EditorLibraries\Xceed.Wpf.AvalonDock.Themes.VS2010\Xceed.Wpf.AvalonDock.Themes.VS2010.csproj", "{B3FC3E21-5F2D-4581-AEA2-59F671CFFC21}"
EndProject
Project("{FAE04EC0-301F-11D3-BF4B-00C04F79EFBC}") = "ICSharpCode.AvalonEdit", "EditorLibraries\ICSharpCode.AvalonEdit\ICSharpCode.AvalonEdit.csproj", "{6C55B776-26D4-4DB3-A6AB-87E783B2F3D1}"
EndProject
Global
	GlobalSection(SolutionConfigurationPlatforms) = preSolution
		Debug|x86 = Debug|x86
		Release|x86 = Release|x86
	EndGlobalSection
	GlobalSection(ProjectConfigurationPlatforms) = postSolution
		{899DAEC0-CF01-4B30-A6E4-A0DB613978BD}.Debug|x86.ActiveCfg = Debug|x86
		{899DAEC0-CF01-4B30-A6E4-A0DB613978BD}.Debug|x86.Build.0 = Debug|x86
		{899DAEC0-CF01-4B30-A6E4-A0DB613978BD}.Release|x86.ActiveCfg = Release|x86
		{899DAEC0-CF01-4B30-A6E4-A0DB613978BD}.Release|x86.Build.0 = Release|x86
		{67B9D68E-33D3-4346-8B69-E9D32EB96EB8}.Debug|x86.ActiveCfg = Debug|x86
		{67B9D68E-33D3-4346-8B69-E9D32EB96EB8}.Release|x86.ActiveCfg = Release|x86
		{B8B46D20-161D-47D3-810A-69D5CA61C080}.Debug|x86.ActiveCfg = Release|x86
		{B8B46D20-161D-47D3-810A-69D5CA61C080}.Debug|x86.Build.0 = Release|x86
		{B8B46D20-161D-47D3-810A-69D5CA61C080}.Release|x86.ActiveCfg = Release|x86
		{B8B46D20-161D-47D3-810A-69D5CA61C080}.Release|x86.Build.0 = Release|x86
		{0F262418-7E4B-4005-B35E-18A180AC1239}.Debug|x86.ActiveCfg = Release|x86
		{0F262418-7E4B-4005-B35E-18A180AC1239}.Debug|x86.Build.0 = Release|x86
		{0F262418-7E4B-4005-B35E-18A180AC1239}.Release|x86.ActiveCfg = Release|x86
		{0F262418-7E4B-4005-B35E-18A180AC1239}.Release|x86.Build.0 = Release|x86
		{AB05C473-9789-441A-B32F-E86154B91C09}.Debug|x86.ActiveCfg = Debug|x86
		{AB05C473-9789-441A-B32F-E86154B91C09}.Debug|x86.Build.0 = Debug|x86
		{AB05C473-9789-441A-B32F-E86154B91C09}.Release|x86.ActiveCfg = Release|x86
		{AB05C473-9789-441A-B32F-E86154B91C09}.Release|x86.Build.0 = Release|x86
		{580EAB4F-7875-4695-8164-B784E97A88FD}.Debug|x86.ActiveCfg = Debug|x86
		{580EAB4F-7875-4695-8164-B784E97A88FD}.Debug|x86.Build.0 = Debug|x86
		{580EAB4F-7875-4695-8164-B784E97A88FD}.Release|x86.ActiveCfg = Release|x86
		{580EAB4F-7875-4695-8164-B784E97A88FD}.Release|x86.Build.0 = Release|x86
		{FD1E47E1-EC0A-4F93-9D85-D151285BD134}.Debug|x86.ActiveCfg = Release|x86
		{FD1E47E1-EC0A-4F93-9D85-D151285BD134}.Debug|x86.Build.0 = Release|x86
		{FD1E47E1-EC0A-4F93-9D85-D151285BD134}.Release|x86.ActiveCfg = Release|x86
		{FD1E47E1-EC0A-4F93-9D85-D151285BD134}.Release|x86.Build.0 = Release|x86
		{F77B3AD6-B926-4A1D-8BAD-C4D4AA3D6A3F}.Debug|x86.ActiveCfg = Debug|x86
		{F77B3AD6-B926-4A1D-8BAD-C4D4AA3D6A3F}.Debug|x86.Build.0 = Debug|x86
		{F77B3AD6-B926-4A1D-8BAD-C4D4AA3D6A3F}.Release|x86.ActiveCfg = Release|x86
		{F77B3AD6-B926-4A1D-8BAD-C4D4AA3D6A3F}.Release|x86.Build.0 = Release|x86
		{72C1DDDB-5DCD-4B4B-8F40-D83C18196C42}.Debug|x86.ActiveCfg = Release|x86
		{72C1DDDB-5DCD-4B4B-8F40-D83C18196C42}.Debug|x86.Build.0 = Release|x86
		{72C1DDDB-5DCD-4B4B-8F40-D83C18196C42}.Release|x86.ActiveCfg = Release|x86
		{72C1DDDB-5DCD-4B4B-8F40-D83C18196C42}.Release|x86.Build.0 = Release|x86
		{DB81988F-E0F2-45A0-A1FD-8C37F3D35244}.Debug|x86.ActiveCfg = Release|x86
		{DB81988F-E0F2-45A0-A1FD-8C37F3D35244}.Debug|x86.Build.0 = Release|x86
		{DB81988F-E0F2-45A0-A1FD-8C37F3D35244}.Release|x86.ActiveCfg = Release|x86
		{DB81988F-E0F2-45A0-A1FD-8C37F3D35244}.Release|x86.Build.0 = Release|x86
		{72E591D6-8F83-4D8C-8F67-9C325E623234}.Debug|x86.ActiveCfg = Release|x86
		{72E591D6-8F83-4D8C-8F67-9C325E623234}.Debug|x86.Build.0 = Release|x86
		{72E591D6-8F83-4D8C-8F67-9C325E623234}.Release|x86.ActiveCfg = Release|x86
		{72E591D6-8F83-4D8C-8F67-9C325E623234}.Release|x86.Build.0 = Release|x86
		{B3FC3E21-5F2D-4581-AEA2-59F671CFFC21}.Debug|x86.ActiveCfg = Release|x86
		{B3FC3E21-5F2D-4581-AEA2-59F671CFFC21}.Debug|x86.Build.0 = Release|x86
		{B3FC3E21-5F2D-4581-AEA2-59F671CFFC21}.Release|x86.ActiveCfg = Release|x86
		{B3FC3E21-5F2D-4581-AEA2-59F671CFFC21}.Release|x86.Build.0 = Release|x86
		{6C55B776-26D4-4DB3-A6AB-87E783B2F3D1}.Debug|x86.ActiveCfg = Debug|x86
		{6C55B776-26D4-4DB3-A6AB-87E783B2F3D1}.Debug|x86.Build.0 = Debug|x86
		{6C55B776-26D4-4DB3-A6AB-87E783B2F3D1}.Release|x86.ActiveCfg = Release|x86
		{6C55B776-26D4-4DB3-A6AB-87E783B2F3D1}.Release|x86.Build.0 = Release|x86
	EndGlobalSection
	GlobalSection(SolutionProperties) = preSolution
		HideSolutionNode = FALSE
	EndGlobalSection
	GlobalSection(NestedProjects) = preSolution
		{0F262418-7E4B-4005-B35E-18A180AC1239} = {9BB9F7E6-CD58-4110-A9CC-7038C739F1B5}
		{FD1E47E1-EC0A-4F93-9D85-D151285BD134} = {9BB9F7E6-CD58-4110-A9CC-7038C739F1B5}
		{F77B3AD6-B926-4A1D-8BAD-C4D4AA3D6A3F} = {9BB9F7E6-CD58-4110-A9CC-7038C739F1B5}
		{72C1DDDB-5DCD-4B4B-8F40-D83C18196C42} = {D63F0159-9127-42BE-8255-9F9B127F3A7F}
		{DB81988F-E0F2-45A0-A1FD-8C37F3D35244} = {716D90A1-1162-4EF9-8BFE-B7CD39C233F7}
		{72E591D6-8F83-4D8C-8F67-9C325E623234} = {716D90A1-1162-4EF9-8BFE-B7CD39C233F7}
		{B3FC3E21-5F2D-4581-AEA2-59F671CFFC21} = {716D90A1-1162-4EF9-8BFE-B7CD39C233F7}
		{6C55B776-26D4-4DB3-A6AB-87E783B2F3D1} = {716D90A1-1162-4EF9-8BFE-B7CD39C233F7}
	EndGlobalSection
EndGlobal
