
Microsoft Visual Studio Solution File, Format Version 12.00
# Visual Studio 14
VisualStudioVersion = 14.0.25420.1
MinimumVisualStudioVersion = 10.0.40219.1
Project("{FAE04EC0-301F-11D3-BF4B-00C04F79EFBC}") = "Zelda", "ZeldaOracle\Game\Zelda.csproj", "{899DAEC0-CF01-4B30-A6E4-A0DB613978BD}"
EndProject
Project("{FAE04EC0-301F-11D3-BF4B-00C04F79EFBC}") = "ZeldaContent", "ZeldaOracle\GameContent\ZeldaContent.contentproj", "{67B9D68E-33D3-4346-8B69-E9D32EB96EB8}"
EndProject
Project("{FAE04EC0-301F-11D3-BF4B-00C04F79EFBC}") = "ZeldaAPI", "ZeldaOracle\GameAPI\ZeldaAPI.csproj", "{B8B46D20-161D-47D3-810A-69D5CA61C080}"
EndProject
Project("{FAE04EC0-301F-11D3-BF4B-00C04F79EFBC}") = "ZeldaCommon", "ZeldaOracle\GameCommon\ZeldaCommon.csproj", "{0F262418-7E4B-4005-B35E-18A180AC1239}"
EndProject
Project("{FAE04EC0-301F-11D3-BF4B-00C04F79EFBC}") = "ZeldaEditor", "ZeldaOracle\GameEditor\ZeldaEditor.csproj", "{AB05C473-9789-441A-B32F-E86154B91C09}"
EndProject
Project("{FAE04EC0-301F-11D3-BF4B-00C04F79EFBC}") = "ConscriptDesigner", "ZeldaOracle\ConscriptDesigner\ConscriptDesigner.csproj", "{580EAB4F-7875-4695-8164-B784E97A88FD}"
EndProject
Project("{2150E333-8FDC-42A3-9474-1A3956D46DE8}") = "Utilities", "Utilities", "{D63F0159-9127-42BE-8255-9F9B127F3A7F}"
EndProject
Project("{FAE04EC0-301F-11D3-BF4B-00C04F79EFBC}") = "ZeldaOracleBuilder", "ZeldaOracle\GameBuilder\ZeldaOracleBuilder.csproj", "{72C1DDDB-5DCD-4B4B-8F40-D83C18196C42}"
EndProject
Project("{2150E333-8FDC-42A3-9474-1A3956D46DE8}") = "EditorLibraries", "EditorLibraries", "{716D90A1-1162-4EF9-8BFE-B7CD39C233F7}"
EndProject
Project("{FAE04EC0-301F-11D3-BF4B-00C04F79EFBC}") = "ICSharpCode.CodeCompletion", "EditorLibraries\ICSharpCode.CodeCompletion\ICSharpCode.CodeCompletion.csproj", "{82C28FBB-0408-466A-BE20-BD4A3CE76A75}"
EndProject
Project("{FAE04EC0-301F-11D3-BF4B-00C04F79EFBC}") = "Xceed.Wpf.AvalonDock", "EditorLibraries\Xceed.Wpf.AvalonDock\Xceed.Wpf.AvalonDock.csproj", "{DB81988F-E0F2-45A0-A1FD-8C37F3D35244}"
EndProject
Project("{FAE04EC0-301F-11D3-BF4B-00C04F79EFBC}") = "Xceed.Wpf.Toolkit", "EditorLibraries\Xceed.Wpf.Toolkit\Xceed.Wpf.Toolkit.csproj", "{72E591D6-8F83-4D8C-8F67-9C325E623234}"
EndProject
Project("{FAE04EC0-301F-11D3-BF4B-00C04F79EFBC}") = "Xceed.Wpf.AvalonDock.Themes.VS2010", "EditorLibraries\Xceed.Wpf.AvalonDock.Themes.VS2010\Xceed.Wpf.AvalonDock.Themes.VS2010.csproj", "{B3FC3E21-5F2D-4581-AEA2-59F671CFFC21}"
EndProject
Project("{FAE04EC0-301F-11D3-BF4B-00C04F79EFBC}") = "ICSharpCode.AvalonEdit", "EditorLibraries\ICSharpCode.AvalonEdit\ICSharpCode.AvalonEdit.csproj", "{6C55B776-26D4-4DB3-A6AB-87E783B2F3D1}"
EndProject
Global
	GlobalSection(SolutionConfigurationPlatforms) = preSolution
		Debug|Any CPU = Debug|Any CPU
		Debug|Mixed Platforms = Debug|Mixed Platforms
		Debug|Net35 = Debug|Net35
		Debug|Net40 = Debug|Net40
		Debug|WithNRefactory = Debug|WithNRefactory
		Debug|x86 = Debug|x86
		Debug|Xbox 360 = Debug|Xbox 360
		Release|Any CPU = Release|Any CPU
		Release|Mixed Platforms = Release|Mixed Platforms
		Release|Net35 = Release|Net35
		Release|Net40 = Release|Net40
		Release|WithNRefactory = Release|WithNRefactory
		Release|x86 = Release|x86
		Release|Xbox 360 = Release|Xbox 360
	EndGlobalSection
	GlobalSection(ProjectConfigurationPlatforms) = postSolution
		{899DAEC0-CF01-4B30-A6E4-A0DB613978BD}.Debug|Any CPU.ActiveCfg = Debug|x86
		{899DAEC0-CF01-4B30-A6E4-A0DB613978BD}.Debug|Mixed Platforms.ActiveCfg = Debug|x86
		{899DAEC0-CF01-4B30-A6E4-A0DB613978BD}.Debug|Mixed Platforms.Build.0 = Debug|x86
		{899DAEC0-CF01-4B30-A6E4-A0DB613978BD}.Debug|Net35.ActiveCfg = Debug|x86
		{899DAEC0-CF01-4B30-A6E4-A0DB613978BD}.Debug|Net40.ActiveCfg = Debug|x86
		{899DAEC0-CF01-4B30-A6E4-A0DB613978BD}.Debug|WithNRefactory.ActiveCfg = Debug|x86
		{899DAEC0-CF01-4B30-A6E4-A0DB613978BD}.Debug|x86.ActiveCfg = Debug|x86
		{899DAEC0-CF01-4B30-A6E4-A0DB613978BD}.Debug|x86.Build.0 = Debug|x86
		{899DAEC0-CF01-4B30-A6E4-A0DB613978BD}.Debug|Xbox 360.ActiveCfg = Debug|x86
		{899DAEC0-CF01-4B30-A6E4-A0DB613978BD}.Debug|Xbox 360.Build.0 = Debug|x86
		{899DAEC0-CF01-4B30-A6E4-A0DB613978BD}.Release|Any CPU.ActiveCfg = Release|x86
		{899DAEC0-CF01-4B30-A6E4-A0DB613978BD}.Release|Mixed Platforms.ActiveCfg = Release|x86
		{899DAEC0-CF01-4B30-A6E4-A0DB613978BD}.Release|Mixed Platforms.Build.0 = Release|x86
		{899DAEC0-CF01-4B30-A6E4-A0DB613978BD}.Release|Net35.ActiveCfg = Release|x86
		{899DAEC0-CF01-4B30-A6E4-A0DB613978BD}.Release|Net40.ActiveCfg = Release|x86
		{899DAEC0-CF01-4B30-A6E4-A0DB613978BD}.Release|WithNRefactory.ActiveCfg = Release|x86
		{899DAEC0-CF01-4B30-A6E4-A0DB613978BD}.Release|x86.ActiveCfg = Release|x86
		{899DAEC0-CF01-4B30-A6E4-A0DB613978BD}.Release|x86.Build.0 = Release|x86
		{899DAEC0-CF01-4B30-A6E4-A0DB613978BD}.Release|Xbox 360.ActiveCfg = Release|x86
		{899DAEC0-CF01-4B30-A6E4-A0DB613978BD}.Release|Xbox 360.Build.0 = Release|x86
		{67B9D68E-33D3-4346-8B69-E9D32EB96EB8}.Debug|Any CPU.ActiveCfg = Debug|x86
		{67B9D68E-33D3-4346-8B69-E9D32EB96EB8}.Debug|Mixed Platforms.ActiveCfg = Debug|x86
		{67B9D68E-33D3-4346-8B69-E9D32EB96EB8}.Debug|Net35.ActiveCfg = Debug|x86
		{67B9D68E-33D3-4346-8B69-E9D32EB96EB8}.Debug|Net40.ActiveCfg = Debug|x86
		{67B9D68E-33D3-4346-8B69-E9D32EB96EB8}.Debug|WithNRefactory.ActiveCfg = Debug|x86
		{67B9D68E-33D3-4346-8B69-E9D32EB96EB8}.Debug|x86.ActiveCfg = Debug|x86
		{67B9D68E-33D3-4346-8B69-E9D32EB96EB8}.Debug|Xbox 360.ActiveCfg = Debug|x86
		{67B9D68E-33D3-4346-8B69-E9D32EB96EB8}.Release|Any CPU.ActiveCfg = Release|x86
		{67B9D68E-33D3-4346-8B69-E9D32EB96EB8}.Release|Mixed Platforms.ActiveCfg = Release|x86
		{67B9D68E-33D3-4346-8B69-E9D32EB96EB8}.Release|Net35.ActiveCfg = Release|x86
		{67B9D68E-33D3-4346-8B69-E9D32EB96EB8}.Release|Net40.ActiveCfg = Release|x86
		{67B9D68E-33D3-4346-8B69-E9D32EB96EB8}.Release|WithNRefactory.ActiveCfg = Release|x86
		{67B9D68E-33D3-4346-8B69-E9D32EB96EB8}.Release|x86.ActiveCfg = Release|x86
		{67B9D68E-33D3-4346-8B69-E9D32EB96EB8}.Release|Xbox 360.ActiveCfg = Release|x86
		{B8B46D20-161D-47D3-810A-69D5CA61C080}.Debug|Any CPU.ActiveCfg = Debug|Any CPU
		{B8B46D20-161D-47D3-810A-69D5CA61C080}.Debug|Any CPU.Build.0 = Debug|Any CPU
		{B8B46D20-161D-47D3-810A-69D5CA61C080}.Debug|Mixed Platforms.ActiveCfg = Debug|Any CPU
		{B8B46D20-161D-47D3-810A-69D5CA61C080}.Debug|Mixed Platforms.Build.0 = Debug|Any CPU
		{B8B46D20-161D-47D3-810A-69D5CA61C080}.Debug|Net35.ActiveCfg = Debug|Any CPU
		{B8B46D20-161D-47D3-810A-69D5CA61C080}.Debug|Net35.Build.0 = Debug|Any CPU
		{B8B46D20-161D-47D3-810A-69D5CA61C080}.Debug|Net40.ActiveCfg = Debug|Any CPU
		{B8B46D20-161D-47D3-810A-69D5CA61C080}.Debug|Net40.Build.0 = Debug|Any CPU
		{B8B46D20-161D-47D3-810A-69D5CA61C080}.Debug|WithNRefactory.ActiveCfg = Debug|Any CPU
		{B8B46D20-161D-47D3-810A-69D5CA61C080}.Debug|WithNRefactory.Build.0 = Debug|Any CPU
		{B8B46D20-161D-47D3-810A-69D5CA61C080}.Debug|x86.ActiveCfg = Debug|Any CPU
		{B8B46D20-161D-47D3-810A-69D5CA61C080}.Debug|Xbox 360.ActiveCfg = Debug|Any CPU
		{B8B46D20-161D-47D3-810A-69D5CA61C080}.Release|Any CPU.ActiveCfg = Release|Any CPU
		{B8B46D20-161D-47D3-810A-69D5CA61C080}.Release|Any CPU.Build.0 = Release|Any CPU
		{B8B46D20-161D-47D3-810A-69D5CA61C080}.Release|Mixed Platforms.ActiveCfg = Release|Any CPU
		{B8B46D20-161D-47D3-810A-69D5CA61C080}.Release|Mixed Platforms.Build.0 = Release|Any CPU
		{B8B46D20-161D-47D3-810A-69D5CA61C080}.Release|Net35.ActiveCfg = Release|Any CPU
		{B8B46D20-161D-47D3-810A-69D5CA61C080}.Release|Net35.Build.0 = Release|Any CPU
		{B8B46D20-161D-47D3-810A-69D5CA61C080}.Release|Net40.ActiveCfg = Release|Any CPU
		{B8B46D20-161D-47D3-810A-69D5CA61C080}.Release|Net40.Build.0 = Release|Any CPU
		{B8B46D20-161D-47D3-810A-69D5CA61C080}.Release|WithNRefactory.ActiveCfg = Release|Any CPU
		{B8B46D20-161D-47D3-810A-69D5CA61C080}.Release|WithNRefactory.Build.0 = Release|Any CPU
		{B8B46D20-161D-47D3-810A-69D5CA61C080}.Release|x86.ActiveCfg = Release|Any CPU
		{B8B46D20-161D-47D3-810A-69D5CA61C080}.Release|Xbox 360.ActiveCfg = Release|Any CPU
		{0F262418-7E4B-4005-B35E-18A180AC1239}.Debug|Any CPU.ActiveCfg = Debug|Any CPU
		{0F262418-7E4B-4005-B35E-18A180AC1239}.Debug|Any CPU.Build.0 = Debug|Any CPU
		{0F262418-7E4B-4005-B35E-18A180AC1239}.Debug|Mixed Platforms.ActiveCfg = Debug|Any CPU
		{0F262418-7E4B-4005-B35E-18A180AC1239}.Debug|Mixed Platforms.Build.0 = Debug|Any CPU
		{0F262418-7E4B-4005-B35E-18A180AC1239}.Debug|Net35.ActiveCfg = Debug|Any CPU
		{0F262418-7E4B-4005-B35E-18A180AC1239}.Debug|Net35.Build.0 = Debug|Any CPU
		{0F262418-7E4B-4005-B35E-18A180AC1239}.Debug|Net40.ActiveCfg = Debug|Any CPU
		{0F262418-7E4B-4005-B35E-18A180AC1239}.Debug|Net40.Build.0 = Debug|Any CPU
		{0F262418-7E4B-4005-B35E-18A180AC1239}.Debug|WithNRefactory.ActiveCfg = Debug|Any CPU
		{0F262418-7E4B-4005-B35E-18A180AC1239}.Debug|WithNRefactory.Build.0 = Debug|Any CPU
		{0F262418-7E4B-4005-B35E-18A180AC1239}.Debug|x86.ActiveCfg = Debug|Any CPU
		{0F262418-7E4B-4005-B35E-18A180AC1239}.Debug|x86.Build.0 = Debug|Any CPU
		{0F262418-7E4B-4005-B35E-18A180AC1239}.Debug|Xbox 360.ActiveCfg = Debug|Any CPU
		{0F262418-7E4B-4005-B35E-18A180AC1239}.Debug|Xbox 360.Build.0 = Debug|Any CPU
		{0F262418-7E4B-4005-B35E-18A180AC1239}.Release|Any CPU.ActiveCfg = Release|Any CPU
		{0F262418-7E4B-4005-B35E-18A180AC1239}.Release|Any CPU.Build.0 = Release|Any CPU
		{0F262418-7E4B-4005-B35E-18A180AC1239}.Release|Mixed Platforms.ActiveCfg = Release|Any CPU
		{0F262418-7E4B-4005-B35E-18A180AC1239}.Release|Mixed Platforms.Build.0 = Release|Any CPU
		{0F262418-7E4B-4005-B35E-18A180AC1239}.Release|Net35.ActiveCfg = Release|Any CPU
		{0F262418-7E4B-4005-B35E-18A180AC1239}.Release|Net35.Build.0 = Release|Any CPU
		{0F262418-7E4B-4005-B35E-18A180AC1239}.Release|Net40.ActiveCfg = Release|Any CPU
		{0F262418-7E4B-4005-B35E-18A180AC1239}.Release|Net40.Build.0 = Release|Any CPU
		{0F262418-7E4B-4005-B35E-18A180AC1239}.Release|WithNRefactory.ActiveCfg = Release|Any CPU
		{0F262418-7E4B-4005-B35E-18A180AC1239}.Release|WithNRefactory.Build.0 = Release|Any CPU
		{0F262418-7E4B-4005-B35E-18A180AC1239}.Release|x86.ActiveCfg = Release|Any CPU
		{0F262418-7E4B-4005-B35E-18A180AC1239}.Release|x86.Build.0 = Release|Any CPU
		{0F262418-7E4B-4005-B35E-18A180AC1239}.Release|Xbox 360.ActiveCfg = Release|Any CPU
		{0F262418-7E4B-4005-B35E-18A180AC1239}.Release|Xbox 360.Build.0 = Release|Any CPU
		{AB05C473-9789-441A-B32F-E86154B91C09}.Debug|Any CPU.ActiveCfg = Debug|Any CPU
		{AB05C473-9789-441A-B32F-E86154B91C09}.Debug|Any CPU.Build.0 = Debug|Any CPU
		{AB05C473-9789-441A-B32F-E86154B91C09}.Debug|Mixed Platforms.ActiveCfg = Debug|Any CPU
		{AB05C473-9789-441A-B32F-E86154B91C09}.Debug|Mixed Platforms.Build.0 = Debug|Any CPU
		{AB05C473-9789-441A-B32F-E86154B91C09}.Debug|Net35.ActiveCfg = Debug|Any CPU
		{AB05C473-9789-441A-B32F-E86154B91C09}.Debug|Net35.Build.0 = Debug|Any CPU
		{AB05C473-9789-441A-B32F-E86154B91C09}.Debug|Net40.ActiveCfg = Debug|Any CPU
		{AB05C473-9789-441A-B32F-E86154B91C09}.Debug|Net40.Build.0 = Debug|Any CPU
		{AB05C473-9789-441A-B32F-E86154B91C09}.Debug|WithNRefactory.ActiveCfg = Debug|Any CPU
		{AB05C473-9789-441A-B32F-E86154B91C09}.Debug|WithNRefactory.Build.0 = Debug|Any CPU
		{AB05C473-9789-441A-B32F-E86154B91C09}.Debug|x86.ActiveCfg = Debug|Any CPU
		{AB05C473-9789-441A-B32F-E86154B91C09}.Debug|x86.Build.0 = Debug|Any CPU
		{AB05C473-9789-441A-B32F-E86154B91C09}.Debug|Xbox 360.ActiveCfg = Debug|Any CPU
		{AB05C473-9789-441A-B32F-E86154B91C09}.Debug|Xbox 360.Build.0 = Debug|Any CPU
		{AB05C473-9789-441A-B32F-E86154B91C09}.Release|Any CPU.ActiveCfg = Release|Any CPU
		{AB05C473-9789-441A-B32F-E86154B91C09}.Release|Any CPU.Build.0 = Release|Any CPU
		{AB05C473-9789-441A-B32F-E86154B91C09}.Release|Mixed Platforms.ActiveCfg = Release|Any CPU
		{AB05C473-9789-441A-B32F-E86154B91C09}.Release|Mixed Platforms.Build.0 = Release|Any CPU
		{AB05C473-9789-441A-B32F-E86154B91C09}.Release|Net35.ActiveCfg = Release|Any CPU
		{AB05C473-9789-441A-B32F-E86154B91C09}.Release|Net35.Build.0 = Release|Any CPU
		{AB05C473-9789-441A-B32F-E86154B91C09}.Release|Net40.ActiveCfg = Release|Any CPU
		{AB05C473-9789-441A-B32F-E86154B91C09}.Release|Net40.Build.0 = Release|Any CPU
		{AB05C473-9789-441A-B32F-E86154B91C09}.Release|WithNRefactory.ActiveCfg = Release|Any CPU
		{AB05C473-9789-441A-B32F-E86154B91C09}.Release|WithNRefactory.Build.0 = Release|Any CPU
		{AB05C473-9789-441A-B32F-E86154B91C09}.Release|x86.ActiveCfg = Release|Any CPU
		{AB05C473-9789-441A-B32F-E86154B91C09}.Release|x86.Build.0 = Release|Any CPU
		{AB05C473-9789-441A-B32F-E86154B91C09}.Release|Xbox 360.ActiveCfg = Release|Any CPU
		{AB05C473-9789-441A-B32F-E86154B91C09}.Release|Xbox 360.Build.0 = Release|Any CPU
		{580EAB4F-7875-4695-8164-B784E97A88FD}.Debug|Any CPU.ActiveCfg = Debug|Any CPU
		{580EAB4F-7875-4695-8164-B784E97A88FD}.Debug|Any CPU.Build.0 = Debug|Any CPU
		{580EAB4F-7875-4695-8164-B784E97A88FD}.Debug|Mixed Platforms.ActiveCfg = Debug|Any CPU
		{580EAB4F-7875-4695-8164-B784E97A88FD}.Debug|Mixed Platforms.Build.0 = Debug|Any CPU
		{580EAB4F-7875-4695-8164-B784E97A88FD}.Debug|Net35.ActiveCfg = Debug|Any CPU
		{580EAB4F-7875-4695-8164-B784E97A88FD}.Debug|Net35.Build.0 = Debug|Any CPU
		{580EAB4F-7875-4695-8164-B784E97A88FD}.Debug|Net40.ActiveCfg = Debug|Any CPU
		{580EAB4F-7875-4695-8164-B784E97A88FD}.Debug|Net40.Build.0 = Debug|Any CPU
		{580EAB4F-7875-4695-8164-B784E97A88FD}.Debug|WithNRefactory.ActiveCfg = Debug|Any CPU
		{580EAB4F-7875-4695-8164-B784E97A88FD}.Debug|WithNRefactory.Build.0 = Debug|Any CPU
		{580EAB4F-7875-4695-8164-B784E97A88FD}.Debug|x86.ActiveCfg = Debug|Any CPU
		{580EAB4F-7875-4695-8164-B784E97A88FD}.Debug|x86.Build.0 = Debug|Any CPU
		{580EAB4F-7875-4695-8164-B784E97A88FD}.Debug|Xbox 360.ActiveCfg = Debug|Any CPU
		{580EAB4F-7875-4695-8164-B784E97A88FD}.Debug|Xbox 360.Build.0 = Debug|Any CPU
		{580EAB4F-7875-4695-8164-B784E97A88FD}.Release|Any CPU.ActiveCfg = Release|Any CPU
		{580EAB4F-7875-4695-8164-B784E97A88FD}.Release|Any CPU.Build.0 = Release|Any CPU
		{580EAB4F-7875-4695-8164-B784E97A88FD}.Release|Mixed Platforms.ActiveCfg = Release|Any CPU
		{580EAB4F-7875-4695-8164-B784E97A88FD}.Release|Mixed Platforms.Build.0 = Release|Any CPU
		{580EAB4F-7875-4695-8164-B784E97A88FD}.Release|Net35.ActiveCfg = Release|Any CPU
		{580EAB4F-7875-4695-8164-B784E97A88FD}.Release|Net35.Build.0 = Release|Any CPU
		{580EAB4F-7875-4695-8164-B784E97A88FD}.Release|Net40.ActiveCfg = Release|Any CPU
		{580EAB4F-7875-4695-8164-B784E97A88FD}.Release|Net40.Build.0 = Release|Any CPU
		{580EAB4F-7875-4695-8164-B784E97A88FD}.Release|WithNRefactory.ActiveCfg = Release|Any CPU
		{580EAB4F-7875-4695-8164-B784E97A88FD}.Release|WithNRefactory.Build.0 = Release|Any CPU
		{580EAB4F-7875-4695-8164-B784E97A88FD}.Release|x86.ActiveCfg = Release|Any CPU
		{580EAB4F-7875-4695-8164-B784E97A88FD}.Release|x86.Build.0 = Release|Any CPU
		{580EAB4F-7875-4695-8164-B784E97A88FD}.Release|Xbox 360.ActiveCfg = Release|Any CPU
		{580EAB4F-7875-4695-8164-B784E97A88FD}.Release|Xbox 360.Build.0 = Release|Any CPU
		{72C1DDDB-5DCD-4B4B-8F40-D83C18196C42}.Debug|Any CPU.ActiveCfg = Debug|Any CPU
		{72C1DDDB-5DCD-4B4B-8F40-D83C18196C42}.Debug|Any CPU.Build.0 = Debug|Any CPU
		{72C1DDDB-5DCD-4B4B-8F40-D83C18196C42}.Debug|Mixed Platforms.ActiveCfg = Debug|Any CPU
		{72C1DDDB-5DCD-4B4B-8F40-D83C18196C42}.Debug|Mixed Platforms.Build.0 = Debug|Any CPU
		{72C1DDDB-5DCD-4B4B-8F40-D83C18196C42}.Debug|Net35.ActiveCfg = Debug|Any CPU
		{72C1DDDB-5DCD-4B4B-8F40-D83C18196C42}.Debug|Net35.Build.0 = Debug|Any CPU
		{72C1DDDB-5DCD-4B4B-8F40-D83C18196C42}.Debug|Net40.ActiveCfg = Debug|Any CPU
		{72C1DDDB-5DCD-4B4B-8F40-D83C18196C42}.Debug|Net40.Build.0 = Debug|Any CPU
		{72C1DDDB-5DCD-4B4B-8F40-D83C18196C42}.Debug|WithNRefactory.ActiveCfg = Debug|Any CPU
		{72C1DDDB-5DCD-4B4B-8F40-D83C18196C42}.Debug|WithNRefactory.Build.0 = Debug|Any CPU
		{72C1DDDB-5DCD-4B4B-8F40-D83C18196C42}.Debug|x86.ActiveCfg = Debug|Any CPU
		{72C1DDDB-5DCD-4B4B-8F40-D83C18196C42}.Debug|x86.Build.0 = Debug|Any CPU
		{72C1DDDB-5DCD-4B4B-8F40-D83C18196C42}.Debug|Xbox 360.ActiveCfg = Debug|Any CPU
		{72C1DDDB-5DCD-4B4B-8F40-D83C18196C42}.Debug|Xbox 360.Build.0 = Debug|Any CPU
		{72C1DDDB-5DCD-4B4B-8F40-D83C18196C42}.Release|Any CPU.ActiveCfg = Release|Any CPU
		{72C1DDDB-5DCD-4B4B-8F40-D83C18196C42}.Release|Any CPU.Build.0 = Release|Any CPU
		{72C1DDDB-5DCD-4B4B-8F40-D83C18196C42}.Release|Mixed Platforms.ActiveCfg = Release|Any CPU
		{72C1DDDB-5DCD-4B4B-8F40-D83C18196C42}.Release|Mixed Platforms.Build.0 = Release|Any CPU
		{72C1DDDB-5DCD-4B4B-8F40-D83C18196C42}.Release|Net35.ActiveCfg = Release|Any CPU
		{72C1DDDB-5DCD-4B4B-8F40-D83C18196C42}.Release|Net35.Build.0 = Release|Any CPU
		{72C1DDDB-5DCD-4B4B-8F40-D83C18196C42}.Release|Net40.ActiveCfg = Release|Any CPU
		{72C1DDDB-5DCD-4B4B-8F40-D83C18196C42}.Release|Net40.Build.0 = Release|Any CPU
		{72C1DDDB-5DCD-4B4B-8F40-D83C18196C42}.Release|WithNRefactory.ActiveCfg = Release|Any CPU
		{72C1DDDB-5DCD-4B4B-8F40-D83C18196C42}.Release|WithNRefactory.Build.0 = Release|Any CPU
		{72C1DDDB-5DCD-4B4B-8F40-D83C18196C42}.Release|x86.ActiveCfg = Release|Any CPU
		{72C1DDDB-5DCD-4B4B-8F40-D83C18196C42}.Release|x86.Build.0 = Release|Any CPU
		{72C1DDDB-5DCD-4B4B-8F40-D83C18196C42}.Release|Xbox 360.ActiveCfg = Release|Any CPU
		{72C1DDDB-5DCD-4B4B-8F40-D83C18196C42}.Release|Xbox 360.Build.0 = Release|Any CPU
		{82C28FBB-0408-466A-BE20-BD4A3CE76A75}.Debug|Any CPU.ActiveCfg = Debug|Any CPU
		{82C28FBB-0408-466A-BE20-BD4A3CE76A75}.Debug|Any CPU.Build.0 = Debug|Any CPU
		{82C28FBB-0408-466A-BE20-BD4A3CE76A75}.Debug|Mixed Platforms.ActiveCfg = Debug|Any CPU
		{82C28FBB-0408-466A-BE20-BD4A3CE76A75}.Debug|Mixed Platforms.Build.0 = Debug|Any CPU
		{82C28FBB-0408-466A-BE20-BD4A3CE76A75}.Debug|Net35.ActiveCfg = Debug|Any CPU
		{82C28FBB-0408-466A-BE20-BD4A3CE76A75}.Debug|Net35.Build.0 = Debug|Any CPU
		{82C28FBB-0408-466A-BE20-BD4A3CE76A75}.Debug|Net40.ActiveCfg = Debug|Any CPU
		{82C28FBB-0408-466A-BE20-BD4A3CE76A75}.Debug|Net40.Build.0 = Debug|Any CPU
		{82C28FBB-0408-466A-BE20-BD4A3CE76A75}.Debug|WithNRefactory.ActiveCfg = Debug|Any CPU
		{82C28FBB-0408-466A-BE20-BD4A3CE76A75}.Debug|WithNRefactory.Build.0 = Debug|Any CPU
		{82C28FBB-0408-466A-BE20-BD4A3CE76A75}.Debug|x86.ActiveCfg = Debug|Any CPU
		{82C28FBB-0408-466A-BE20-BD4A3CE76A75}.Debug|x86.Build.0 = Debug|Any CPU
		{82C28FBB-0408-466A-BE20-BD4A3CE76A75}.Debug|Xbox 360.ActiveCfg = Debug|Any CPU
		{82C28FBB-0408-466A-BE20-BD4A3CE76A75}.Debug|Xbox 360.Build.0 = Debug|Any CPU
		{82C28FBB-0408-466A-BE20-BD4A3CE76A75}.Release|Any CPU.ActiveCfg = Release|Any CPU
		{82C28FBB-0408-466A-BE20-BD4A3CE76A75}.Release|Any CPU.Build.0 = Release|Any CPU
		{82C28FBB-0408-466A-BE20-BD4A3CE76A75}.Release|Mixed Platforms.ActiveCfg = Release|Any CPU
		{82C28FBB-0408-466A-BE20-BD4A3CE76A75}.Release|Mixed Platforms.Build.0 = Release|Any CPU
		{82C28FBB-0408-466A-BE20-BD4A3CE76A75}.Release|Net35.ActiveCfg = Release|Any CPU
		{82C28FBB-0408-466A-BE20-BD4A3CE76A75}.Release|Net35.Build.0 = Release|Any CPU
		{82C28FBB-0408-466A-BE20-BD4A3CE76A75}.Release|Net40.ActiveCfg = Release|Any CPU
		{82C28FBB-0408-466A-BE20-BD4A3CE76A75}.Release|Net40.Build.0 = Release|Any CPU
		{82C28FBB-0408-466A-BE20-BD4A3CE76A75}.Release|WithNRefactory.ActiveCfg = Release|Any CPU
		{82C28FBB-0408-466A-BE20-BD4A3CE76A75}.Release|WithNRefactory.Build.0 = Release|Any CPU
		{82C28FBB-0408-466A-BE20-BD4A3CE76A75}.Release|x86.ActiveCfg = Release|Any CPU
		{82C28FBB-0408-466A-BE20-BD4A3CE76A75}.Release|x86.Build.0 = Release|Any CPU
		{82C28FBB-0408-466A-BE20-BD4A3CE76A75}.Release|Xbox 360.ActiveCfg = Release|Any CPU
		{82C28FBB-0408-466A-BE20-BD4A3CE76A75}.Release|Xbox 360.Build.0 = Release|Any CPU
		{DB81988F-E0F2-45A0-A1FD-8C37F3D35244}.Debug|Any CPU.ActiveCfg = Debug|Any CPU
		{DB81988F-E0F2-45A0-A1FD-8C37F3D35244}.Debug|Any CPU.Build.0 = Debug|Any CPU
		{DB81988F-E0F2-45A0-A1FD-8C37F3D35244}.Debug|Mixed Platforms.ActiveCfg = Debug|Any CPU
		{DB81988F-E0F2-45A0-A1FD-8C37F3D35244}.Debug|Mixed Platforms.Build.0 = Debug|Any CPU
		{DB81988F-E0F2-45A0-A1FD-8C37F3D35244}.Debug|Net35.ActiveCfg = Debug|Any CPU
		{DB81988F-E0F2-45A0-A1FD-8C37F3D35244}.Debug|Net35.Build.0 = Debug|Any CPU
		{DB81988F-E0F2-45A0-A1FD-8C37F3D35244}.Debug|Net40.ActiveCfg = Debug|Any CPU
		{DB81988F-E0F2-45A0-A1FD-8C37F3D35244}.Debug|Net40.Build.0 = Debug|Any CPU
		{DB81988F-E0F2-45A0-A1FD-8C37F3D35244}.Debug|WithNRefactory.ActiveCfg = Debug|Any CPU
		{DB81988F-E0F2-45A0-A1FD-8C37F3D35244}.Debug|WithNRefactory.Build.0 = Debug|Any CPU
		{DB81988F-E0F2-45A0-A1FD-8C37F3D35244}.Debug|x86.ActiveCfg = Debug|Any CPU
		{DB81988F-E0F2-45A0-A1FD-8C37F3D35244}.Debug|x86.Build.0 = Debug|Any CPU
		{DB81988F-E0F2-45A0-A1FD-8C37F3D35244}.Debug|Xbox 360.ActiveCfg = Debug|Any CPU
		{DB81988F-E0F2-45A0-A1FD-8C37F3D35244}.Debug|Xbox 360.Build.0 = Debug|Any CPU
		{DB81988F-E0F2-45A0-A1FD-8C37F3D35244}.Release|Any CPU.ActiveCfg = Release|Any CPU
		{DB81988F-E0F2-45A0-A1FD-8C37F3D35244}.Release|Any CPU.Build.0 = Release|Any CPU
		{DB81988F-E0F2-45A0-A1FD-8C37F3D35244}.Release|Mixed Platforms.ActiveCfg = Release|Any CPU
		{DB81988F-E0F2-45A0-A1FD-8C37F3D35244}.Release|Mixed Platforms.Build.0 = Release|Any CPU
		{DB81988F-E0F2-45A0-A1FD-8C37F3D35244}.Release|Net35.ActiveCfg = Release|Any CPU
		{DB81988F-E0F2-45A0-A1FD-8C37F3D35244}.Release|Net35.Build.0 = Release|Any CPU
		{DB81988F-E0F2-45A0-A1FD-8C37F3D35244}.Release|Net40.ActiveCfg = Release|Any CPU
		{DB81988F-E0F2-45A0-A1FD-8C37F3D35244}.Release|Net40.Build.0 = Release|Any CPU
		{DB81988F-E0F2-45A0-A1FD-8C37F3D35244}.Release|WithNRefactory.ActiveCfg = Release|Any CPU
		{DB81988F-E0F2-45A0-A1FD-8C37F3D35244}.Release|WithNRefactory.Build.0 = Release|Any CPU
		{DB81988F-E0F2-45A0-A1FD-8C37F3D35244}.Release|x86.ActiveCfg = Release|Any CPU
		{DB81988F-E0F2-45A0-A1FD-8C37F3D35244}.Release|x86.Build.0 = Release|Any CPU
		{DB81988F-E0F2-45A0-A1FD-8C37F3D35244}.Release|Xbox 360.ActiveCfg = Release|Any CPU
		{DB81988F-E0F2-45A0-A1FD-8C37F3D35244}.Release|Xbox 360.Build.0 = Release|Any CPU
		{72E591D6-8F83-4D8C-8F67-9C325E623234}.Debug|Any CPU.ActiveCfg = Debug|Any CPU
		{72E591D6-8F83-4D8C-8F67-9C325E623234}.Debug|Any CPU.Build.0 = Debug|Any CPU
		{72E591D6-8F83-4D8C-8F67-9C325E623234}.Debug|Mixed Platforms.ActiveCfg = Debug|Any CPU
		{72E591D6-8F83-4D8C-8F67-9C325E623234}.Debug|Mixed Platforms.Build.0 = Debug|Any CPU
		{72E591D6-8F83-4D8C-8F67-9C325E623234}.Debug|Net35.ActiveCfg = Debug|Any CPU
		{72E591D6-8F83-4D8C-8F67-9C325E623234}.Debug|Net35.Build.0 = Debug|Any CPU
		{72E591D6-8F83-4D8C-8F67-9C325E623234}.Debug|Net40.ActiveCfg = Debug|Any CPU
		{72E591D6-8F83-4D8C-8F67-9C325E623234}.Debug|Net40.Build.0 = Debug|Any CPU
		{72E591D6-8F83-4D8C-8F67-9C325E623234}.Debug|WithNRefactory.ActiveCfg = Debug|Any CPU
		{72E591D6-8F83-4D8C-8F67-9C325E623234}.Debug|WithNRefactory.Build.0 = Debug|Any CPU
		{72E591D6-8F83-4D8C-8F67-9C325E623234}.Debug|x86.ActiveCfg = Debug|Any CPU
		{72E591D6-8F83-4D8C-8F67-9C325E623234}.Debug|x86.Build.0 = Debug|Any CPU
		{72E591D6-8F83-4D8C-8F67-9C325E623234}.Debug|Xbox 360.ActiveCfg = Debug|Any CPU
		{72E591D6-8F83-4D8C-8F67-9C325E623234}.Debug|Xbox 360.Build.0 = Debug|Any CPU
		{72E591D6-8F83-4D8C-8F67-9C325E623234}.Release|Any CPU.ActiveCfg = Release|Any CPU
		{72E591D6-8F83-4D8C-8F67-9C325E623234}.Release|Any CPU.Build.0 = Release|Any CPU
		{72E591D6-8F83-4D8C-8F67-9C325E623234}.Release|Mixed Platforms.ActiveCfg = Release|Any CPU
		{72E591D6-8F83-4D8C-8F67-9C325E623234}.Release|Mixed Platforms.Build.0 = Release|Any CPU
		{72E591D6-8F83-4D8C-8F67-9C325E623234}.Release|Net35.ActiveCfg = Release|Any CPU
		{72E591D6-8F83-4D8C-8F67-9C325E623234}.Release|Net35.Build.0 = Release|Any CPU
		{72E591D6-8F83-4D8C-8F67-9C325E623234}.Release|Net40.ActiveCfg = Release|Any CPU
		{72E591D6-8F83-4D8C-8F67-9C325E623234}.Release|Net40.Build.0 = Release|Any CPU
		{72E591D6-8F83-4D8C-8F67-9C325E623234}.Release|WithNRefactory.ActiveCfg = Release|Any CPU
		{72E591D6-8F83-4D8C-8F67-9C325E623234}.Release|WithNRefactory.Build.0 = Release|Any CPU
		{72E591D6-8F83-4D8C-8F67-9C325E623234}.Release|x86.ActiveCfg = Release|Any CPU
		{72E591D6-8F83-4D8C-8F67-9C325E623234}.Release|x86.Build.0 = Release|Any CPU
		{72E591D6-8F83-4D8C-8F67-9C325E623234}.Release|Xbox 360.ActiveCfg = Release|Any CPU
		{72E591D6-8F83-4D8C-8F67-9C325E623234}.Release|Xbox 360.Build.0 = Release|Any CPU
		{B3FC3E21-5F2D-4581-AEA2-59F671CFFC21}.Debug|Any CPU.ActiveCfg = Debug|Any CPU
		{B3FC3E21-5F2D-4581-AEA2-59F671CFFC21}.Debug|Any CPU.Build.0 = Debug|Any CPU
		{B3FC3E21-5F2D-4581-AEA2-59F671CFFC21}.Debug|Mixed Platforms.ActiveCfg = Debug|Any CPU
		{B3FC3E21-5F2D-4581-AEA2-59F671CFFC21}.Debug|Mixed Platforms.Build.0 = Debug|Any CPU
		{B3FC3E21-5F2D-4581-AEA2-59F671CFFC21}.Debug|Net35.ActiveCfg = Debug|Any CPU
		{B3FC3E21-5F2D-4581-AEA2-59F671CFFC21}.Debug|Net35.Build.0 = Debug|Any CPU
		{B3FC3E21-5F2D-4581-AEA2-59F671CFFC21}.Debug|Net40.ActiveCfg = Debug|Any CPU
		{B3FC3E21-5F2D-4581-AEA2-59F671CFFC21}.Debug|Net40.Build.0 = Debug|Any CPU
		{B3FC3E21-5F2D-4581-AEA2-59F671CFFC21}.Debug|WithNRefactory.ActiveCfg = Debug|Any CPU
		{B3FC3E21-5F2D-4581-AEA2-59F671CFFC21}.Debug|WithNRefactory.Build.0 = Debug|Any CPU
		{B3FC3E21-5F2D-4581-AEA2-59F671CFFC21}.Debug|x86.ActiveCfg = Debug|Any CPU
		{B3FC3E21-5F2D-4581-AEA2-59F671CFFC21}.Debug|x86.Build.0 = Debug|Any CPU
		{B3FC3E21-5F2D-4581-AEA2-59F671CFFC21}.Debug|Xbox 360.ActiveCfg = Debug|Any CPU
		{B3FC3E21-5F2D-4581-AEA2-59F671CFFC21}.Debug|Xbox 360.Build.0 = Debug|Any CPU
		{B3FC3E21-5F2D-4581-AEA2-59F671CFFC21}.Release|Any CPU.ActiveCfg = Release|Any CPU
		{B3FC3E21-5F2D-4581-AEA2-59F671CFFC21}.Release|Any CPU.Build.0 = Release|Any CPU
		{B3FC3E21-5F2D-4581-AEA2-59F671CFFC21}.Release|Mixed Platforms.ActiveCfg = Release|Any CPU
		{B3FC3E21-5F2D-4581-AEA2-59F671CFFC21}.Release|Mixed Platforms.Build.0 = Release|Any CPU
		{B3FC3E21-5F2D-4581-AEA2-59F671CFFC21}.Release|Net35.ActiveCfg = Release|Any CPU
		{B3FC3E21-5F2D-4581-AEA2-59F671CFFC21}.Release|Net35.Build.0 = Release|Any CPU
		{B3FC3E21-5F2D-4581-AEA2-59F671CFFC21}.Release|Net40.ActiveCfg = Release|Any CPU
		{B3FC3E21-5F2D-4581-AEA2-59F671CFFC21}.Release|Net40.Build.0 = Release|Any CPU
		{B3FC3E21-5F2D-4581-AEA2-59F671CFFC21}.Release|WithNRefactory.ActiveCfg = Release|Any CPU
		{B3FC3E21-5F2D-4581-AEA2-59F671CFFC21}.Release|WithNRefactory.Build.0 = Release|Any CPU
		{B3FC3E21-5F2D-4581-AEA2-59F671CFFC21}.Release|x86.ActiveCfg = Release|Any CPU
		{B3FC3E21-5F2D-4581-AEA2-59F671CFFC21}.Release|x86.Build.0 = Release|Any CPU
		{B3FC3E21-5F2D-4581-AEA2-59F671CFFC21}.Release|Xbox 360.ActiveCfg = Release|Any CPU
		{B3FC3E21-5F2D-4581-AEA2-59F671CFFC21}.Release|Xbox 360.Build.0 = Release|Any CPU
		{6C55B776-26D4-4DB3-A6AB-87E783B2F3D1}.Debug|Any CPU.ActiveCfg = Debug|WithNRefactory
		{6C55B776-26D4-4DB3-A6AB-87E783B2F3D1}.Debug|Mixed Platforms.ActiveCfg = Release|Net40
		{6C55B776-26D4-4DB3-A6AB-87E783B2F3D1}.Debug|Mixed Platforms.Build.0 = Release|Net40
		{6C55B776-26D4-4DB3-A6AB-87E783B2F3D1}.Debug|Net35.ActiveCfg = Debug|Net35
		{6C55B776-26D4-4DB3-A6AB-87E783B2F3D1}.Debug|Net35.Build.0 = Debug|Net35
		{6C55B776-26D4-4DB3-A6AB-87E783B2F3D1}.Debug|Net40.ActiveCfg = Debug|Net40
		{6C55B776-26D4-4DB3-A6AB-87E783B2F3D1}.Debug|Net40.Build.0 = Debug|Net40
		{6C55B776-26D4-4DB3-A6AB-87E783B2F3D1}.Debug|WithNRefactory.ActiveCfg = Debug|WithNRefactory
		{6C55B776-26D4-4DB3-A6AB-87E783B2F3D1}.Debug|WithNRefactory.Build.0 = Debug|WithNRefactory
		{6C55B776-26D4-4DB3-A6AB-87E783B2F3D1}.Debug|x86.ActiveCfg = Debug|WithNRefactory
		{6C55B776-26D4-4DB3-A6AB-87E783B2F3D1}.Debug|Xbox 360.ActiveCfg = Debug|WithNRefactory
		{6C55B776-26D4-4DB3-A6AB-87E783B2F3D1}.Release|Any CPU.ActiveCfg = Release|WithNRefactory
		{6C55B776-26D4-4DB3-A6AB-87E783B2F3D1}.Release|Mixed Platforms.ActiveCfg = Release|WithNRefactory
		{6C55B776-26D4-4DB3-A6AB-87E783B2F3D1}.Release|Mixed Platforms.Build.0 = Release|WithNRefactory
		{6C55B776-26D4-4DB3-A6AB-87E783B2F3D1}.Release|Net35.ActiveCfg = Release|Net35
		{6C55B776-26D4-4DB3-A6AB-87E783B2F3D1}.Release|Net35.Build.0 = Release|Net35
		{6C55B776-26D4-4DB3-A6AB-87E783B2F3D1}.Release|Net40.ActiveCfg = Release|Net40
		{6C55B776-26D4-4DB3-A6AB-87E783B2F3D1}.Release|Net40.Build.0 = Release|Net40
		{6C55B776-26D4-4DB3-A6AB-87E783B2F3D1}.Release|WithNRefactory.ActiveCfg = Release|WithNRefactory
		{6C55B776-26D4-4DB3-A6AB-87E783B2F3D1}.Release|WithNRefactory.Build.0 = Release|WithNRefactory
		{6C55B776-26D4-4DB3-A6AB-87E783B2F3D1}.Release|x86.ActiveCfg = Release|WithNRefactory
		{6C55B776-26D4-4DB3-A6AB-87E783B2F3D1}.Release|Xbox 360.ActiveCfg = Release|WithNRefactory
	EndGlobalSection
	GlobalSection(SolutionProperties) = preSolution
		HideSolutionNode = FALSE
	EndGlobalSection
	GlobalSection(NestedProjects) = preSolution
		{72C1DDDB-5DCD-4B4B-8F40-D83C18196C42} = {D63F0159-9127-42BE-8255-9F9B127F3A7F}
		{82C28FBB-0408-466A-BE20-BD4A3CE76A75} = {716D90A1-1162-4EF9-8BFE-B7CD39C233F7}
		{DB81988F-E0F2-45A0-A1FD-8C37F3D35244} = {716D90A1-1162-4EF9-8BFE-B7CD39C233F7}
		{72E591D6-8F83-4D8C-8F67-9C325E623234} = {716D90A1-1162-4EF9-8BFE-B7CD39C233F7}
		{B3FC3E21-5F2D-4581-AEA2-59F671CFFC21} = {716D90A1-1162-4EF9-8BFE-B7CD39C233F7}
		{6C55B776-26D4-4DB3-A6AB-87E783B2F3D1} = {716D90A1-1162-4EF9-8BFE-B7CD39C233F7}
	EndGlobalSection
EndGlobal
